
Microsoft Visual Studio Solution File, Format Version 12.00
# Visual Studio Version 17
VisualStudioVersion = 17.13.35806.99 d17.13
MinimumVisualStudioVersion = 10.0.40219.1
Project("{FAE04EC0-301F-11D3-BF4B-00C04F79EFBC}") = "modul8", "modul8\modul8.csproj", "{642DE760-93AB-48F9-A31E-3A0FDC9606FD}"
EndProject
Global
	GlobalSection(SolutionConfigurationPlatforms) = preSolution
		Debug|Any CPU = Debug|Any CPU
		Release|Any CPU = Release|Any CPU
	EndGlobalSection
	GlobalSection(ProjectConfigurationPlatforms) = postSolution
		{642DE760-93AB-48F9-A31E-3A0FDC9606FD}.Debug|Any CPU.ActiveCfg = Debug|Any CPU
		{642DE760-93AB-48F9-A31E-3A0FDC9606FD}.Debug|Any CPU.Build.0 = Debug|Any CPU
		{642DE760-93AB-48F9-A31E-3A0FDC9606FD}.Release|Any CPU.ActiveCfg = Release|Any CPU
		{642DE760-93AB-48F9-A31E-3A0FDC9606FD}.Release|Any CPU.Build.0 = Release|Any CPU
	EndGlobalSection
	GlobalSection(SolutionProperties) = preSolution
		HideSolutionNode = FALSE
	EndGlobalSection
	GlobalSection(ExtensibilityGlobals) = postSolution
		SolutionGuid = {B80088E4-0DEA-4AE8-9086-363F0DD5E586}
	EndGlobalSection
EndGlobal
