
Microsoft Visual Studio Solution File, Format Version 12.00
# Visual Studio Version 17
VisualStudioVersion = 17.13.35806.99 d17.13
MinimumVisualStudioVersion = 10.0.40219.1
Project("{FAE04EC0-301F-11D3-BF4B-00C04F79EFBC}") = "tjmodul15_2311104049", "tjmodul15_2311104049\tjmodul15_2311104049.csproj", "{FAB560E5-36D2-4E69-AF15-6E9566C251EA}"
EndProject
Global
	GlobalSection(SolutionConfigurationPlatforms) = preSolution
		Debug|Any CPU = Debug|Any CPU
		Release|Any CPU = Release|Any CPU
	EndGlobalSection
	GlobalSection(ProjectConfigurationPlatforms) = postSolution
		{FAB560E5-36D2-4E69-AF15-6E9566C251EA}.Debug|Any CPU.ActiveCfg = Debug|Any CPU
		{FAB560E5-36D2-4E69-AF15-6E9566C251EA}.Debug|Any CPU.Build.0 = Debug|Any CPU
		{FAB560E5-36D2-4E69-AF15-6E9566C251EA}.Release|Any CPU.ActiveCfg = Release|Any CPU
		{FAB560E5-36D2-4E69-AF15-6E9566C251EA}.Release|Any CPU.Build.0 = Release|Any CPU
	EndGlobalSection
	GlobalSection(SolutionProperties) = preSolution
		HideSolutionNode = FALSE
	EndGlobalSection
	GlobalSection(ExtensibilityGlobals) = postSolution
		SolutionGuid = {AD561E14-479B-4C58-88C3-C2D9E4B80A14}
	EndGlobalSection
EndGlobal
