
Microsoft Visual Studio Solution File, Format Version 12.00
# Visual Studio Version 17
VisualStudioVersion = 17.13.35806.99 d17.13
MinimumVisualStudioVersion = 10.0.40219.1
Project("{FAE04EC0-301F-11D3-BF4B-00C04F79EFBC}") = "tjmodul14_2311104049", "tjmodul14_2311104049\tjmodul14_2311104049.csproj", "{9C42B31E-31F3-4D17-895B-3E0398233CEC}"
EndProject
Global
	GlobalSection(SolutionConfigurationPlatforms) = preSolution
		Debug|Any CPU = Debug|Any CPU
		Release|Any CPU = Release|Any CPU
	EndGlobalSection
	GlobalSection(ProjectConfigurationPlatforms) = postSolution
		{9C42B31E-31F3-4D17-895B-3E0398233CEC}.Debug|Any CPU.ActiveCfg = Debug|Any CPU
		{9C42B31E-31F3-4D17-895B-3E0398233CEC}.Debug|Any CPU.Build.0 = Debug|Any CPU
		{9C42B31E-31F3-4D17-895B-3E0398233CEC}.Release|Any CPU.ActiveCfg = Release|Any CPU
		{9C42B31E-31F3-4D17-895B-3E0398233CEC}.Release|Any CPU.Build.0 = Release|Any CPU
	EndGlobalSection
	GlobalSection(SolutionProperties) = preSolution
		HideSolutionNode = FALSE
	EndGlobalSection
	GlobalSection(ExtensibilityGlobals) = postSolution
		SolutionGuid = {2C57A991-F8F1-4728-A652-7FB1279547C3}
	EndGlobalSection
EndGlobal
