
Microsoft Visual Studio Solution File, Format Version 12.00
# Visual Studio Version 17
VisualStudioVersion = 17.13.35806.99 d17.13
MinimumVisualStudioVersion = 10.0.40219.1
Project("{FAE04EC0-301F-11D3-BF4B-00C04F79EFBC}") = "modul12", "modul12\modul12.csproj", "{109D5EBA-162B-4139-A1A5-FCDEEBE6E50B}"
EndProject
Project("{FAE04EC0-301F-11D3-BF4B-00C04F79EFBC}") = "UnitTest", "UnitTest\UnitTest.csproj", "{337F91EC-1211-4B55-AF80-F47081F8097C}"
EndProject
Global
	GlobalSection(SolutionConfigurationPlatforms) = preSolution
		Debug|Any CPU = Debug|Any CPU
		Release|Any CPU = Release|Any CPU
	EndGlobalSection
	GlobalSection(ProjectConfigurationPlatforms) = postSolution
		{109D5EBA-162B-4139-A1A5-FCDEEBE6E50B}.Debug|Any CPU.ActiveCfg = Debug|Any CPU
		{109D5EBA-162B-4139-A1A5-FCDEEBE6E50B}.Debug|Any CPU.Build.0 = Debug|Any CPU
		{109D5EBA-162B-4139-A1A5-FCDEEBE6E50B}.Release|Any CPU.ActiveCfg = Release|Any CPU
		{109D5EBA-162B-4139-A1A5-FCDEEBE6E50B}.Release|Any CPU.Build.0 = Release|Any CPU
		{337F91EC-1211-4B55-AF80-F47081F8097C}.Debug|Any CPU.ActiveCfg = Debug|Any CPU
		{337F91EC-1211-4B55-AF80-F47081F8097C}.Debug|Any CPU.Build.0 = Debug|Any CPU
		{337F91EC-1211-4B55-AF80-F47081F8097C}.Release|Any CPU.ActiveCfg = Release|Any CPU
		{337F91EC-1211-4B55-AF80-F47081F8097C}.Release|Any CPU.Build.0 = Release|Any CPU
	EndGlobalSection
	GlobalSection(SolutionProperties) = preSolution
		HideSolutionNode = FALSE
	EndGlobalSection
	GlobalSection(ExtensibilityGlobals) = postSolution
		SolutionGuid = {D5B132E2-70E3-41EF-AD9F-D9E21D94E49B}
	EndGlobalSection
EndGlobal
