
Microsoft Visual Studio Solution File, Format Version 12.00
# Visual Studio Version 17
VisualStudioVersion = 17.13.35806.99 d17.13
MinimumVisualStudioVersion = 10.0.40219.1
Project("{FAE04EC0-301F-11D3-BF4B-00C04F79EFBC}") = "TjModul8_2311104049", "TjModul8_2311104049\TjModul8_2311104049.csproj", "{29F2EBF6-8814-466B-89C4-C65207387A08}"
EndProject
Global
	GlobalSection(SolutionConfigurationPlatforms) = preSolution
		Debug|Any CPU = Debug|Any CPU
		Release|Any CPU = Release|Any CPU
	EndGlobalSection
	GlobalSection(ProjectConfigurationPlatforms) = postSolution
		{29F2EBF6-8814-466B-89C4-C65207387A08}.Debug|Any CPU.ActiveCfg = Debug|Any CPU
		{29F2EBF6-8814-466B-89C4-C65207387A08}.Debug|Any CPU.Build.0 = Debug|Any CPU
		{29F2EBF6-8814-466B-89C4-C65207387A08}.Release|Any CPU.ActiveCfg = Release|Any CPU
		{29F2EBF6-8814-466B-89C4-C65207387A08}.Release|Any CPU.Build.0 = Release|Any CPU
	EndGlobalSection
	GlobalSection(SolutionProperties) = preSolution
		HideSolutionNode = FALSE
	EndGlobalSection
	GlobalSection(ExtensibilityGlobals) = postSolution
		SolutionGuid = {5B428274-43C0-4A04-AD90-76D70339FB9F}
	EndGlobalSection
EndGlobal
