
Microsoft Visual Studio Solution File, Format Version 12.00
# Visual Studio Version 17
VisualStudioVersion = 17.13.35806.99 d17.13
MinimumVisualStudioVersion = 10.0.40219.1
Project("{FAE04EC0-301F-11D3-BF4B-00C04F79EFBC}") = "tpmodul3_2311104049", "tpmodul3_2311104049\tpmodul3_2311104049.csproj", "{4193E1A4-73A0-4D0A-AEEA-AF627177F0D9}"
EndProject
Global
	GlobalSection(SolutionConfigurationPlatforms) = preSolution
		Debug|Any CPU = Debug|Any CPU
		Release|Any CPU = Release|Any CPU
	EndGlobalSection
	GlobalSection(ProjectConfigurationPlatforms) = postSolution
		{4193E1A4-73A0-4D0A-AEEA-AF627177F0D9}.Debug|Any CPU.ActiveCfg = Debug|Any CPU
		{4193E1A4-73A0-4D0A-AEEA-AF627177F0D9}.Debug|Any CPU.Build.0 = Debug|Any CPU
		{4193E1A4-73A0-4D0A-AEEA-AF627177F0D9}.Release|Any CPU.ActiveCfg = Release|Any CPU
		{4193E1A4-73A0-4D0A-AEEA-AF627177F0D9}.Release|Any CPU.Build.0 = Release|Any CPU
	EndGlobalSection
	GlobalSection(SolutionProperties) = preSolution
		HideSolutionNode = FALSE
	EndGlobalSection
	GlobalSection(ExtensibilityGlobals) = postSolution
		SolutionGuid = {E951ADC2-2C65-49BF-B384-19FE941DB940}
	EndGlobalSection
EndGlobal
