
Microsoft Visual Studio Solution File, Format Version 12.00
# Visual Studio Version 17
VisualStudioVersion = 17.13.35806.99 d17.13
MinimumVisualStudioVersion = 10.0.40219.1
Project("{FAE04EC0-301F-11D3-BF4B-00C04F79EFBC}") = "TugasPendahuluan5", "TugasPendahuluan5\TugasPendahuluan5.csproj", "{66129CB6-03BE-4C84-BB1F-3966DB60C9D9}"
EndProject
Global
	GlobalSection(SolutionConfigurationPlatforms) = preSolution
		Debug|Any CPU = Debug|Any CPU
		Release|Any CPU = Release|Any CPU
	EndGlobalSection
	GlobalSection(ProjectConfigurationPlatforms) = postSolution
		{66129CB6-03BE-4C84-BB1F-3966DB60C9D9}.Debug|Any CPU.ActiveCfg = Debug|Any CPU
		{66129CB6-03BE-4C84-BB1F-3966DB60C9D9}.Debug|Any CPU.Build.0 = Debug|Any CPU
		{66129CB6-03BE-4C84-BB1F-3966DB60C9D9}.Release|Any CPU.ActiveCfg = Release|Any CPU
		{66129CB6-03BE-4C84-BB1F-3966DB60C9D9}.Release|Any CPU.Build.0 = Release|Any CPU
	EndGlobalSection
	GlobalSection(SolutionProperties) = preSolution
		HideSolutionNode = FALSE
	EndGlobalSection
	GlobalSection(ExtensibilityGlobals) = postSolution
		SolutionGuid = {1E4492F2-5808-416E-94BD-910DBD4AC705}
	EndGlobalSection
EndGlobal
