
Microsoft Visual Studio Solution File, Format Version 12.00
# Visual Studio Version 17
VisualStudioVersion = 17.13.35806.99 d17.13
MinimumVisualStudioVersion = 10.0.40219.1
Project("{FAE04EC0-301F-11D3-BF4B-00C04F79EFBC}") = "Tjmodul9_2311104049", "Tjmodul9_2311104049\Tjmodul9_2311104049.csproj", "{D9116F6D-D0CA-4E92-AA3B-39F4BEE01AB8}"
EndProject
Global
	GlobalSection(SolutionConfigurationPlatforms) = preSolution
		Debug|Any CPU = Debug|Any CPU
		Release|Any CPU = Release|Any CPU
	EndGlobalSection
	GlobalSection(ProjectConfigurationPlatforms) = postSolution
		{D9116F6D-D0CA-4E92-AA3B-39F4BEE01AB8}.Debug|Any CPU.ActiveCfg = Debug|Any CPU
		{D9116F6D-D0CA-4E92-AA3B-39F4BEE01AB8}.Debug|Any CPU.Build.0 = Debug|Any CPU
		{D9116F6D-D0CA-4E92-AA3B-39F4BEE01AB8}.Release|Any CPU.ActiveCfg = Release|Any CPU
		{D9116F6D-D0CA-4E92-AA3B-39F4BEE01AB8}.Release|Any CPU.Build.0 = Release|Any CPU
	EndGlobalSection
	GlobalSection(SolutionProperties) = preSolution
		HideSolutionNode = FALSE
	EndGlobalSection
	GlobalSection(ExtensibilityGlobals) = postSolution
		SolutionGuid = {2207C204-1C29-4A97-A971-19BCF39339CB}
	EndGlobalSection
EndGlobal
